{
  "nodes": {
    "flake-utils": {
      "locked": {
        "lastModified": 1667395993,
        "narHash": "sha256-nuEHfE/LcWyuSWnS8t12N1wc105Qtau+/OdUAjtQ0rA=",
        "owner": "numtide",
        "repo": "flake-utils",
        "rev": "5aed5285a952e0b949eb3ba02c12fa4fcfef535f",
        "type": "github"
      },
      "original": {
        "owner": "numtide",
        "repo": "flake-utils",
        "type": "github"
      }
    },
    "flake-utils_2": {
      "locked": {
        "lastModified": 1667395993,
        "narHash": "sha256-nuEHfE/LcWyuSWnS8t12N1wc105Qtau+/OdUAjtQ0rA=",
        "owner": "numtide",
        "repo": "flake-utils",
        "rev": "5aed5285a952e0b949eb3ba02c12fa4fcfef535f",
        "type": "github"
      },
      "original": {
        "owner": "numtide",
        "repo": "flake-utils",
        "type": "github"
      }
    },
    "flake-utils_3": {
      "locked": {
        "lastModified": 1667395993,
        "narHash": "sha256-nuEHfE/LcWyuSWnS8t12N1wc105Qtau+/OdUAjtQ0rA=",
        "owner": "numtide",
        "repo": "flake-utils",
        "rev": "5aed5285a952e0b949eb3ba02c12fa4fcfef535f",
        "type": "github"
      },
      "original": {
        "owner": "numtide",
        "repo": "flake-utils",
        "type": "github"
      }
    },
    "flake-utils_4": {
      "locked": {
        "lastModified": 1667395993,
        "narHash": "sha256-nuEHfE/LcWyuSWnS8t12N1wc105Qtau+/OdUAjtQ0rA=",
        "owner": "numtide",
        "repo": "flake-utils",
        "rev": "5aed5285a952e0b949eb3ba02c12fa4fcfef535f",
        "type": "github"
      },
      "original": {
        "owner": "numtide",
        "repo": "flake-utils",
        "type": "github"
      }
    },
    "hello": {
      "inputs": {
        "nixpkgs": "nixpkgs",
        "sbt": "sbt",
        "utils": "utils"
      },
      "locked": {
        "dir": "scala-hello",
        "lastModified": 1673024644,
        "narHash": "sha256-mCmBQHkFCJhgJxzWMpH2MhGwczMQHRDA2dR2gYBFBJc=",
        "owner": "enriquerodbe",
        "repo": "sbt-nix",
        "rev": "e28cef4e79e94f3d3f139ea0088fe9de91b881d0",
        "type": "github"
      },
      "original": {
        "dir": "scala-hello",
        "owner": "enriquerodbe",
        "repo": "sbt-nix",
        "type": "github"
      }
    },
    "nixpkgs": {
      "locked": {
        "lastModified": 1672855408,
        "narHash": "sha256-HBC4AjHu7THx3/VufriADFSbOmJjbmIFQCOBERjseZA=",
        "owner": "NixOS",
        "repo": "nixpkgs",
        "rev": "9f548d0e2cfa4e59370538b24be779f2f4bc7c6a",
        "type": "github"
      },
      "original": {
        "owner": "NixOS",
        "repo": "nixpkgs",
        "type": "github"
      }
    },
    "nixpkgs_2": {
      "locked": {
        "lastModified": 1673010274,
        "narHash": "sha256-kOqb7GvjelzbYtZMODn8ELETNOkkYUe7zYeUw1fMTs8=",
        "owner": "NixOS",
        "repo": "nixpkgs",
        "rev": "dc475f5d3cd867820a41ff06ca31a8a30a82a78d",
        "type": "github"
      },
      "original": {
        "owner": "NixOS",
        "repo": "nixpkgs",
        "type": "github"
      }
    },
    "nixpkgs_3": {
      "locked": {
        "lastModified": 1670587192,
        "narHash": "sha256-h3DHD2WBddfZxRuceYBa54JZKF1z8O8dtYNZK5UvP/4=",
        "owner": "NixOS",
        "repo": "nixpkgs",
        "rev": "aaac4123e3e33e779af54361a244857d029a64dd",
        "type": "github"
      },
      "original": {
        "owner": "NixOS",
        "ref": "nixpkgs-unstable",
        "repo": "nixpkgs",
        "type": "github"
      }
    },
    "nixpkgs_4": {
      "locked": {
        "lastModified": 1673014281,
        "narHash": "sha256-WDvalX0fihNS6Wow+yL/k3OXC1FoXY1W/0pYQxFECNA=",
        "owner": "NixOS",
        "repo": "nixpkgs",
        "rev": "eec992ad7f245ed9991405f78eaa7379ad559884",
        "type": "github"
      },
      "original": {
        "owner": "NixOS",
        "repo": "nixpkgs",
        "type": "github"
      }
    },
    "nixpkgs_5": {
      "locked": {
        "lastModified": 1673010274,
        "narHash": "sha256-kOqb7GvjelzbYtZMODn8ELETNOkkYUe7zYeUw1fMTs8=",
        "owner": "NixOS",
        "repo": "nixpkgs",
        "rev": "dc475f5d3cd867820a41ff06ca31a8a30a82a78d",
        "type": "github"
      },
      "original": {
        "owner": "NixOS",
        "repo": "nixpkgs",
        "type": "github"
      }
    },
    "nixpkgs_6": {
      "locked": {
        "lastModified": 1670587192,
        "narHash": "sha256-h3DHD2WBddfZxRuceYBa54JZKF1z8O8dtYNZK5UvP/4=",
        "owner": "NixOS",
        "repo": "nixpkgs",
        "rev": "aaac4123e3e33e779af54361a244857d029a64dd",
        "type": "github"
      },
      "original": {
        "owner": "NixOS",
        "ref": "nixpkgs-unstable",
        "repo": "nixpkgs",
        "type": "github"
      }
    },
    "root": {
      "inputs": {
        "hello": "hello",
        "nixpkgs": "nixpkgs_4",
        "sbt": "sbt_2",
        "utils": "utils_2"
      }
    },
    "sbt": {
      "inputs": {
        "flake-utils": "flake-utils",
        "nixpkgs": "nixpkgs_2",
        "sbt-derivation": "sbt-derivation"
      },
      "locked": {
        "lastModified": 1673023784,
        "narHash": "sha256-75SeLMNO6WzQX8CnPanfibZzDyUVMqSvvjtkRduNSXg=",
        "path": "/Users/enrique/development/sbt-nix/sbt-hook",
        "type": "path"
      },
      "original": {
        "path": "/Users/enrique/development/sbt-nix/sbt-hook",
        "type": "path"
      }
    },
    "sbt-derivation": {
      "inputs": {
        "flake-utils": "flake-utils_2",
        "nixpkgs": "nixpkgs_3"
      },
      "locked": {
        "lastModified": 1670683679,
        "narHash": "sha256-6SNkggK5ki8iulmaAAYr8uOxbwxUpp6DD8bVM2Cv5Q0=",
        "owner": "zaninime",
        "repo": "sbt-derivation",
        "rev": "847f28faf9d72d4f312dc20728994453bb250604",
        "type": "github"
      },
      "original": {
        "owner": "zaninime",
        "repo": "sbt-derivation",
        "type": "github"
      }
    },
    "sbt-derivation_2": {
      "inputs": {
        "flake-utils": "flake-utils_4",
        "nixpkgs": "nixpkgs_6"
      },
      "locked": {
        "lastModified": 1670683679,
        "narHash": "sha256-6SNkggK5ki8iulmaAAYr8uOxbwxUpp6DD8bVM2Cv5Q0=",
        "owner": "zaninime",
        "repo": "sbt-derivation",
        "rev": "847f28faf9d72d4f312dc20728994453bb250604",
        "type": "github"
      },
      "original": {
        "owner": "zaninime",
        "repo": "sbt-derivation",
        "type": "github"
      }
    },
    "sbt_2": {
      "inputs": {
        "flake-utils": "flake-utils_3",
        "nixpkgs": "nixpkgs_5",
        "sbt-derivation": "sbt-derivation_2"
      },
      "locked": {
        "dir": "sbt-hook",
        "lastModified": 1673024644,
        "narHash": "sha256-mCmBQHkFCJhgJxzWMpH2MhGwczMQHRDA2dR2gYBFBJc=",
        "owner": "enriquerodbe",
        "repo": "sbt-nix",
        "rev": "e28cef4e79e94f3d3f139ea0088fe9de91b881d0",
        "type": "github"
      },
      "original": {
        "dir": "sbt-hook",
        "owner": "enriquerodbe",
        "repo": "sbt-nix",
        "type": "github"
      }
    },
    "utils": {
      "locked": {
        "lastModified": 1667395993,
        "narHash": "sha256-nuEHfE/LcWyuSWnS8t12N1wc105Qtau+/OdUAjtQ0rA=",
        "owner": "numtide",
        "repo": "flake-utils",
        "rev": "5aed5285a952e0b949eb3ba02c12fa4fcfef535f",
        "type": "github"
      },
      "original": {
        "owner": "numtide",
        "repo": "flake-utils",
        "type": "github"
      }
    },
    "utils_2": {
      "locked": {
        "lastModified": 1667395993,
        "narHash": "sha256-nuEHfE/LcWyuSWnS8t12N1wc105Qtau+/OdUAjtQ0rA=",
        "owner": "numtide",
        "repo": "flake-utils",
        "rev": "5aed5285a952e0b949eb3ba02c12fa4fcfef535f",
        "type": "github"
      },
      "original": {
        "owner": "numtide",
        "repo": "flake-utils",
        "type": "github"
      }
    }
  },
  "root": "root",
  "version": 7
}
