{
  "nodes": {
    "flake-utils": {
      "locked": {
        "lastModified": 1667395993,
        "narHash": "sha256-nuEHfE/LcWyuSWnS8t12N1wc105Qtau+/OdUAjtQ0rA=",
        "owner": "numtide",
        "repo": "flake-utils",
        "rev": "5aed5285a952e0b949eb3ba02c12fa4fcfef535f",
        "type": "github"
      },
      "original": {
        "owner": "numtide",
        "repo": "flake-utils",
        "type": "github"
      }
    },
    "hello": {
      "inputs": {
        "flake-utils": [
          "flake-utils"
        ],
        "nixpkgs": [
          "nixpkgs"
        ],
        "sbt": [
          "sbt"
        ]
      },
      "locked": {
        "dir": "scala-hello",
        "lastModified": 1674250483,
        "narHash": "sha256-iHhGgPXho/+SxkwQL+ZrqIyyMhfCRYrt4N8WVlAK+rg=",
        "owner": "enriquerodbe",
        "repo": "sbt-nix",
        "rev": "c69aee12d4f35055e578463d1874941a76ddb5b5",
        "type": "github"
      },
      "original": {
        "dir": "scala-hello",
        "owner": "enriquerodbe",
        "repo": "sbt-nix",
        "type": "github"
      }
    },
    "nixpkgs": {
      "locked": {
        "lastModified": 1674334312,
        "narHash": "sha256-iY+hBkaYa7DkzRMpaWPfZ1u2liIEvlK2GULV7senvgs=",
        "owner": "NixOS",
        "repo": "nixpkgs",
        "rev": "8bf63a5ed490de89573702a7f5628b9ac3546347",
        "type": "github"
      },
      "original": {
        "owner": "NixOS",
        "repo": "nixpkgs",
        "type": "github"
      }
    },
    "root": {
      "inputs": {
        "flake-utils": "flake-utils",
        "hello": "hello",
        "nixpkgs": "nixpkgs",
        "sbt": "sbt"
      }
    },
    "sbt": {
      "inputs": {
        "flake-utils": [
          "flake-utils"
        ],
        "nixpkgs": [
          "nixpkgs"
        ],
        "sbt-derivation": "sbt-derivation"
      },
      "locked": {
        "dir": "sbt-hook",
        "lastModified": 1674250483,
        "narHash": "sha256-iHhGgPXho/+SxkwQL+ZrqIyyMhfCRYrt4N8WVlAK+rg=",
        "owner": "enriquerodbe",
        "repo": "sbt-nix",
        "rev": "c69aee12d4f35055e578463d1874941a76ddb5b5",
        "type": "github"
      },
      "original": {
        "dir": "sbt-hook",
        "owner": "enriquerodbe",
        "repo": "sbt-nix",
        "type": "github"
      }
    },
    "sbt-derivation": {
      "inputs": {
        "flake-utils": [
          "sbt",
          "flake-utils"
        ],
        "nixpkgs": [
          "sbt",
          "nixpkgs"
        ]
      },
      "locked": {
        "lastModified": 1670683679,
        "narHash": "sha256-6SNkggK5ki8iulmaAAYr8uOxbwxUpp6DD8bVM2Cv5Q0=",
        "owner": "zaninime",
        "repo": "sbt-derivation",
        "rev": "847f28faf9d72d4f312dc20728994453bb250604",
        "type": "github"
      },
      "original": {
        "owner": "zaninime",
        "repo": "sbt-derivation",
        "type": "github"
      }
    }
  },
  "root": "root",
  "version": 7
}
